
Microsoft Visual Studio Solution File, Format Version 12.00
# Visual Studio Version 16
VisualStudioVersion = 16.0.29920.165
MinimumVisualStudioVersion = 10.0.40219.1
Project("{FAE04EC0-301F-11D3-BF4B-00C04F79EFBC}") = "Mollie.Checkout", "Mollie.Checkout\Mollie.Checkout.csproj", "{7D2EED50-B8D0-45DF-8BE7-9A1E60C26B7B}"
EndProject
Project("{FAE04EC0-301F-11D3-BF4B-00C04F79EFBC}") = "Mollie.Checkout.CommerceManager", "Mollie.Checkout.CommerceManager\Mollie.Checkout.CommerceManager.csproj", "{E2800EC2-2A42-4D60-A8E7-D3BC495396E1}"
EndProject
Project("{2150E333-8FDC-42A3-9474-1A3956D46DE8}") = "AddOn", "AddOn", "{735DCB13-E8B7-4D65-8217-9644A41D8A5B}"
EndProject
Project("{2150E333-8FDC-42A3-9474-1A3956D46DE8}") = "Foundation", "Foundation", "{206EC107-EC0C-4DAB-BC93-9ADAF3FB7E30}"
EndProject
Project("{FAE04EC0-301F-11D3-BF4B-00C04F79EFBC}") = "Foundation", "Foundation\Foundation.csproj", "{856C325A-2CC0-422C-B964-1BD10EA14C99}"
EndProject
Project("{9A19103F-16F7-4668-BE54-9A1E7A4F7556}") = "Foundation.Cms", "Foundation.Cms\Foundation.Cms.csproj", "{22A3DFF3-EEBC-48DE-9082-A74513592B3F}"
EndProject
Project("{9A19103F-16F7-4668-BE54-9A1E7A4F7556}") = "Foundation.Commerce", "Foundation.Commerce\Foundation.Commerce.csproj", "{575B9DA9-0348-4724-AD4D-9EDFA5EEB9B3}"
EndProject
Project("{FAE04EC0-301F-11D3-BF4B-00C04F79EFBC}") = "Foundation.CommerceManager", "Foundation.CommerceManager\Foundation.CommerceManager.csproj", "{121D8737-4300-4828-83D4-61D807A6339F}"
EndProject
Project("{9A19103F-16F7-4668-BE54-9A1E7A4F7556}") = "Foundation.Find", "Foundation.Find\Foundation.Find.csproj", "{81711784-4EEE-4AFC-B2A0-7175A0264DFC}"
EndProject
Project("{9A19103F-16F7-4668-BE54-9A1E7A4F7556}") = "Foundation.Personalization", "Foundation.Personalization\Foundation.Personalization.csproj", "{8E2CEFF8-7F85-4400-A87A-A4ECBBF74972}"
EndProject
Project("{9A19103F-16F7-4668-BE54-9A1E7A4F7556}") = "Foundation.Social", "Foundation.Social\Foundation.Social.csproj", "{807526DF-9F68-4257-89FB-99E97916EA8C}"
EndProject
Global
	GlobalSection(SolutionConfigurationPlatforms) = preSolution
		Debug|Any CPU = Debug|Any CPU
		Release|Any CPU = Release|Any CPU
	EndGlobalSection
	GlobalSection(ProjectConfigurationPlatforms) = postSolution
		{7D2EED50-B8D0-45DF-8BE7-9A1E60C26B7B}.Debug|Any CPU.ActiveCfg = Debug|Any CPU
		{7D2EED50-B8D0-45DF-8BE7-9A1E60C26B7B}.Debug|Any CPU.Build.0 = Debug|Any CPU
		{7D2EED50-B8D0-45DF-8BE7-9A1E60C26B7B}.Release|Any CPU.ActiveCfg = Release|Any CPU
		{7D2EED50-B8D0-45DF-8BE7-9A1E60C26B7B}.Release|Any CPU.Build.0 = Release|Any CPU
		{E2800EC2-2A42-4D60-A8E7-D3BC495396E1}.Debug|Any CPU.ActiveCfg = Debug|Any CPU
		{E2800EC2-2A42-4D60-A8E7-D3BC495396E1}.Debug|Any CPU.Build.0 = Debug|Any CPU
		{E2800EC2-2A42-4D60-A8E7-D3BC495396E1}.Release|Any CPU.ActiveCfg = Release|Any CPU
		{E2800EC2-2A42-4D60-A8E7-D3BC495396E1}.Release|Any CPU.Build.0 = Release|Any CPU
		{856C325A-2CC0-422C-B964-1BD10EA14C99}.Debug|Any CPU.ActiveCfg = Debug|Any CPU
		{856C325A-2CC0-422C-B964-1BD10EA14C99}.Debug|Any CPU.Build.0 = Debug|Any CPU
		{856C325A-2CC0-422C-B964-1BD10EA14C99}.Release|Any CPU.ActiveCfg = Release|Any CPU
		{856C325A-2CC0-422C-B964-1BD10EA14C99}.Release|Any CPU.Build.0 = Release|Any CPU
		{22A3DFF3-EEBC-48DE-9082-A74513592B3F}.Debug|Any CPU.ActiveCfg = Debug|Any CPU
		{22A3DFF3-EEBC-48DE-9082-A74513592B3F}.Debug|Any CPU.Build.0 = Debug|Any CPU
		{22A3DFF3-EEBC-48DE-9082-A74513592B3F}.Release|Any CPU.ActiveCfg = Release|Any CPU
		{22A3DFF3-EEBC-48DE-9082-A74513592B3F}.Release|Any CPU.Build.0 = Release|Any CPU
		{575B9DA9-0348-4724-AD4D-9EDFA5EEB9B3}.Debug|Any CPU.ActiveCfg = Debug|Any CPU
		{575B9DA9-0348-4724-AD4D-9EDFA5EEB9B3}.Debug|Any CPU.Build.0 = Debug|Any CPU
		{575B9DA9-0348-4724-AD4D-9EDFA5EEB9B3}.Release|Any CPU.ActiveCfg = Release|Any CPU
		{575B9DA9-0348-4724-AD4D-9EDFA5EEB9B3}.Release|Any CPU.Build.0 = Release|Any CPU
		{121D8737-4300-4828-83D4-61D807A6339F}.Debug|Any CPU.ActiveCfg = Debug|Any CPU
		{121D8737-4300-4828-83D4-61D807A6339F}.Debug|Any CPU.Build.0 = Debug|Any CPU
		{121D8737-4300-4828-83D4-61D807A6339F}.Release|Any CPU.ActiveCfg = Release|Any CPU
		{121D8737-4300-4828-83D4-61D807A6339F}.Release|Any CPU.Build.0 = Release|Any CPU
		{81711784-4EEE-4AFC-B2A0-7175A0264DFC}.Debug|Any CPU.ActiveCfg = Debug|Any CPU
		{81711784-4EEE-4AFC-B2A0-7175A0264DFC}.Debug|Any CPU.Build.0 = Debug|Any CPU
		{81711784-4EEE-4AFC-B2A0-7175A0264DFC}.Release|Any CPU.ActiveCfg = Release|Any CPU
		{81711784-4EEE-4AFC-B2A0-7175A0264DFC}.Release|Any CPU.Build.0 = Release|Any CPU
		{8E2CEFF8-7F85-4400-A87A-A4ECBBF74972}.Debug|Any CPU.ActiveCfg = Debug|Any CPU
		{8E2CEFF8-7F85-4400-A87A-A4ECBBF74972}.Debug|Any CPU.Build.0 = Debug|Any CPU
		{8E2CEFF8-7F85-4400-A87A-A4ECBBF74972}.Release|Any CPU.ActiveCfg = Release|Any CPU
		{8E2CEFF8-7F85-4400-A87A-A4ECBBF74972}.Release|Any CPU.Build.0 = Release|Any CPU
		{807526DF-9F68-4257-89FB-99E97916EA8C}.Debug|Any CPU.ActiveCfg = Debug|Any CPU
		{807526DF-9F68-4257-89FB-99E97916EA8C}.Debug|Any CPU.Build.0 = Debug|Any CPU
		{807526DF-9F68-4257-89FB-99E97916EA8C}.Release|Any CPU.ActiveCfg = Release|Any CPU
		{807526DF-9F68-4257-89FB-99E97916EA8C}.Release|Any CPU.Build.0 = Release|Any CPU
	EndGlobalSection
	GlobalSection(SolutionProperties) = preSolution
		HideSolutionNode = FALSE
	EndGlobalSection
	GlobalSection(NestedProjects) = preSolution
		{7D2EED50-B8D0-45DF-8BE7-9A1E60C26B7B} = {735DCB13-E8B7-4D65-8217-9644A41D8A5B}
		{E2800EC2-2A42-4D60-A8E7-D3BC495396E1} = {735DCB13-E8B7-4D65-8217-9644A41D8A5B}
		{856C325A-2CC0-422C-B964-1BD10EA14C99} = {206EC107-EC0C-4DAB-BC93-9ADAF3FB7E30}
		{22A3DFF3-EEBC-48DE-9082-A74513592B3F} = {206EC107-EC0C-4DAB-BC93-9ADAF3FB7E30}
		{575B9DA9-0348-4724-AD4D-9EDFA5EEB9B3} = {206EC107-EC0C-4DAB-BC93-9ADAF3FB7E30}
		{121D8737-4300-4828-83D4-61D807A6339F} = {206EC107-EC0C-4DAB-BC93-9ADAF3FB7E30}
		{81711784-4EEE-4AFC-B2A0-7175A0264DFC} = {206EC107-EC0C-4DAB-BC93-9ADAF3FB7E30}
		{8E2CEFF8-7F85-4400-A87A-A4ECBBF74972} = {206EC107-EC0C-4DAB-BC93-9ADAF3FB7E30}
		{807526DF-9F68-4257-89FB-99E97916EA8C} = {206EC107-EC0C-4DAB-BC93-9ADAF3FB7E30}
	EndGlobalSection
	GlobalSection(ExtensibilityGlobals) = postSolution
		SolutionGuid = {6B0CDC98-CEBA-487F-9F41-C7ADB1EB337F}
	EndGlobalSection
EndGlobal
